
Microsoft Visual Studio Solution File, Format Version 12.00
# Visual Studio Version 16
VisualStudioVersion = 16.0.31515.178
MinimumVisualStudioVersion = 10.0.40219.1
Project("{9A19103F-16F7-4668-BE54-9A1E7A4F7556}") = "ClimbingWeatherWebsite", "ClimbingWeatherWebsite\ClimbingWeatherWebsite.csproj", "{056BB11A-893F-462D-BFFC-752ADDE23757}"
EndProject
Project("{9A19103F-16F7-4668-BE54-9A1E7A4F7556}") = "EFDataAccessLibrary", "EFDataAccessLibrary.Library\EFDataAccessLibrary.csproj", "{9F5BBB42-EB42-4E7E-A436-0D26A900AD65}"
EndProject
Project("{9A19103F-16F7-4668-BE54-9A1E7A4F7556}") = "ClimbingWeatherWebSite.Tests", "ClimbingWeatherWebSite.Tests\ClimbingWeatherWebSite.Tests.csproj", "{AE354869-8B3E-4FB5-9A14-B314327CEA7B}"
EndProject
Global
	GlobalSection(SolutionConfigurationPlatforms) = preSolution
		Debug|Any CPU = Debug|Any CPU
		Release|Any CPU = Release|Any CPU
	EndGlobalSection
	GlobalSection(ProjectConfigurationPlatforms) = postSolution
		{056BB11A-893F-462D-BFFC-752ADDE23757}.Debug|Any CPU.ActiveCfg = Debug|Any CPU
		{056BB11A-893F-462D-BFFC-752ADDE23757}.Debug|Any CPU.Build.0 = Debug|Any CPU
		{056BB11A-893F-462D-BFFC-752ADDE23757}.Release|Any CPU.ActiveCfg = Release|Any CPU
		{056BB11A-893F-462D-BFFC-752ADDE23757}.Release|Any CPU.Build.0 = Release|Any CPU
		{9F5BBB42-EB42-4E7E-A436-0D26A900AD65}.Debug|Any CPU.ActiveCfg = Debug|Any CPU
		{9F5BBB42-EB42-4E7E-A436-0D26A900AD65}.Debug|Any CPU.Build.0 = Debug|Any CPU
		{9F5BBB42-EB42-4E7E-A436-0D26A900AD65}.Release|Any CPU.ActiveCfg = Release|Any CPU
		{9F5BBB42-EB42-4E7E-A436-0D26A900AD65}.Release|Any CPU.Build.0 = Release|Any CPU
		{AE354869-8B3E-4FB5-9A14-B314327CEA7B}.Debug|Any CPU.ActiveCfg = Debug|Any CPU
		{AE354869-8B3E-4FB5-9A14-B314327CEA7B}.Debug|Any CPU.Build.0 = Debug|Any CPU
		{AE354869-8B3E-4FB5-9A14-B314327CEA7B}.Release|Any CPU.ActiveCfg = Release|Any CPU
		{AE354869-8B3E-4FB5-9A14-B314327CEA7B}.Release|Any CPU.Build.0 = Release|Any CPU
	EndGlobalSection
	GlobalSection(SolutionProperties) = preSolution
		HideSolutionNode = FALSE
	EndGlobalSection
	GlobalSection(ExtensibilityGlobals) = postSolution
		SolutionGuid = {56E6E117-5B4C-4834-9FFA-D2EE5D70CFE0}
	EndGlobalSection
EndGlobal
